Microsoft Visual Studio Solution File, Format Version 12.00
# Visual Studio Version 17
VisualStudioVersion = 17.5.2.0
MinimumVisualStudioVersion = 10.0.40219.1
Project("{FAE04EC0-301F-11D3-BF4B-00C04F79EFBC}") = "RetryConsumer", "RetryConsumer.csproj", "{6922D636-B668-0C8D-CE02-8A9C9132FE25}"
EndProject
Global
	GlobalSection(SolutionConfigurationPlatforms) = preSolution
		Debug|Any CPU = Debug|Any CPU
		Release|Any CPU = Release|Any CPU
	EndGlobalSection
	GlobalSection(ProjectConfigurationPlatforms) = postSolution
		{6922D636-B668-0C8D-CE02-8A9C9132FE25}.Debug|Any CPU.ActiveCfg = Debug|Any CPU
		{6922D636-B668-0C8D-CE02-8A9C9132FE25}.Debug|Any CPU.Build.0 = Debug|Any CPU
		{6922D636-B668-0C8D-CE02-8A9C9132FE25}.Release|Any CPU.ActiveCfg = Release|Any CPU
		{6922D636-B668-0C8D-CE02-8A9C9132FE25}.Release|Any CPU.Build.0 = Release|Any CPU
	EndGlobalSection
	GlobalSection(SolutionProperties) = preSolution
		HideSolutionNode = FALSE
	EndGlobalSection
	GlobalSection(ExtensibilityGlobals) = postSolution
		SolutionGuid = {C2F975FD-B120-40A0-A467-93832FADD3B5}
	EndGlobalSection
EndGlobal
